// !$*UTF8*$!
{
	archiveVersion = 1;
	classes = {
	};
	objectVersion = 46;
	objects = {

/* Begin PBXBuildFile section */
		2C2A15B019765287009BCD82 /* Foundation.framework in Frameworks */ = {isa = PBXBuildFile; fileRef = 2C2A15AF19765287009BCD82 /* Foundation.framework */; };
		2C2A15B219765287009BCD82 /* CoreGraphics.framework in Frameworks */ = {isa = PBXBuildFile; fileRef = 2C2A15B119765287009BCD82 /* CoreGraphics.framework */; };
		2C2A15B419765287009BCD82 /* UIKit.framework in Frameworks */ = {isa = PBXBuildFile; fileRef = 2C2A15B319765287009BCD82 /* UIKit.framework */; };
		2C2A15BA19765287009BCD82 /* InfoPlist.strings in Resources */ = {isa = PBXBuildFile; fileRef = 2C2A15B819765287009BCD82 /* InfoPlist.strings */; };
		2C2A15BC19765287009BCD82 /* main.m in Sources */ = {isa = PBXBuildFile; fileRef = 2C2A15BB19765287009BCD82 /* main.m */; };
		2C2A15C019765287009BCD82 /* PFAppDelegate.m in Sources */ = {isa = PBXBuildFile; fileRef = 2C2A15BF19765287009BCD82 /* PFAppDelegate.m */; };
		2C2A15C219765287009BCD82 /* Images.xcassets in Resources */ = {isa = PBXBuildFile; fileRef = 2C2A15C119765287009BCD82 /* Images.xcassets */; };
		2C2A15C919765287009BCD82 /* XCTest.framework in Frameworks */ = {isa = PBXBuildFile; fileRef = 2C2A15C819765287009BCD82 /* XCTest.framework */; };
		2C2A15CA19765287009BCD82 /* Foundation.framework in Frameworks */ = {isa = PBXBuildFile; fileRef = 2C2A15AF19765287009BCD82 /* Foundation.framework */; };
		2C2A15CB19765287009BCD82 /* UIKit.framework in Frameworks */ = {isa = PBXBuildFile; fileRef = 2C2A15B319765287009BCD82 /* UIKit.framework */; };
		2C2A15D319765287009BCD82 /* InfoPlist.strings in Resources */ = {isa = PBXBuildFile; fileRef = 2C2A15D119765287009BCD82 /* InfoPlist.strings */; };
		2C2A15D519765287009BCD82 /* CellDemoTests.m in Sources */ = {isa = PBXBuildFile; fileRef = 2C2A15D419765287009BCD82 /* CellDemoTests.m */; };
		2C2A15E0197652A2009BCD82 /* PFTestTableViewController.m in Sources */ = {isa = PBXBuildFile; fileRef = 2C2A15DF197652A2009BCD82 /* PFTestTableViewController.m */; };
		2C2A15E3197652E0009BCD82 /* PFTestTableViewCell.m in Sources */ = {isa = PBXBuildFile; fileRef = 2C2A15E2197652E0009BCD82 /* PFTestTableViewCell.m */; };
		2C2A15E619765424009BCD82 /* 1.png in Resources */ = {isa = PBXBuildFile; fileRef = 2C2A15E419765424009BCD82 /* 1.png */; };
		2C2A15E719765424009BCD82 /* 2.png in Resources */ = {isa = PBXBuildFile; fileRef = 2C2A15E519765424009BCD82 /* 2.png */; };
/* End PBXBuildFile section */

/* Begin PBXContainerItemProxy section */
		2C2A15CC19765287009BCD82 /* PBXContainerItemProxy */ = {
			isa = PBXContainerItemProxy;
			containerPortal = 2C2A15A419765287009BCD82 /* Project object */;
			proxyType = 1;
			remoteGlobalIDString = 2C2A15AB19765287009BCD82;
			remoteInfo = CellDemo;
		};
/* End PBXContainerItemProxy section */

/* Begin PBXFileReference section */
		2C2A15AC19765287009BCD82 /* CellDemo.app */ = {isa = PBXFileReference; explicitFileType = wrapper.application; includeInIndex = 0; path = CellDemo.app; sourceTree = BUILT_PRODUCTS_DIR; };
		2C2A15AF19765287009BCD82 /* Foundation.framework */ = {isa = PBXFileReference; lastKnownFileType = wrapper.framework; name = Foundation.framework; path = System/Library/Frameworks/Foundation.framework; sourceTree = SDKROOT; };
		2C2A15B119765287009BCD82 /* CoreGraphics.framework */ = {isa = PBXFileReference; lastKnownFileType = wrapper.framework; name = CoreGraphics.framework; path = System/Library/Frameworks/CoreGraphics.framework; sourceTree = SDKROOT; };
		2C2A15B319765287009BCD82 /* UIKit.framework */ = {isa = PBXFileReference; lastKnownFileType = wrapper.framework; name = UIKit.framework; path = System/Library/Frameworks/UIKit.framework; sourceTree = SDKROOT; };
		2C2A15B719765287009BCD82 /* CellDemo-Info.plist */ = {isa = PBXFileReference; lastKnownFileType = text.plist.xml; path = "CellDemo-Info.plist"; sourceTree = "<group>"; };
		2C2A15B919765287009BCD82 /* en */ = {isa = PBXFileReference; lastKnownFileType = text.plist.strings; name = en; path = en.lproj/InfoPlist.strings; sourceTree = "<group>"; };
		2C2A15BB19765287009BCD82 /* main.m */ = {isa = PBXFileReference; lastKnownFileType = sourcecode.c.objc; path = main.m; sourceTree = "<group>"; };
		2C2A15BD19765287009BCD82 /* CellDemo-Prefix.pch */ = {isa = PBXFileReference; lastKnownFileType = sourcecode.c.h; path = "CellDemo-Prefix.pch"; sourceTree = "<group>"; };
		2C2A15BE19765287009BCD82 /* PFAppDelegate.h */ = {isa = PBXFileReference; lastKnownFileType = sourcecode.c.h; path = PFAppDelegate.h; sourceTree = "<group>"; };
		2C2A15BF19765287009BCD82 /* PFAppDelegate.m */ = {isa = PBXFileReference; lastKnownFileType = sourcecode.c.objc; path = PFAppDelegate.m; sourceTree = "<group>"; };
		2C2A15C119765287009BCD82 /* Images.xcassets */ = {isa = PBXFileReference; lastKnownFileType = folder.assetcatalog; path = Images.xcassets; sourceTree = "<group>"; };
		2C2A15C719765287009BCD82 /* CellDemoTests.xctest */ = {isa = PBXFileReference; explicitFileType = wrapper.cfbundle; includeInIndex = 0; path = CellDemoTests.xctest; sourceTree = BUILT_PRODUCTS_DIR; };
		2C2A15C819765287009BCD82 /* XCTest.framework */ = {isa = PBXFileReference; lastKnownFileType = wrapper.framework; name = XCTest.framework; path = Library/Frameworks/XCTest.framework; sourceTree = DEVELOPER_DIR; };
		2C2A15D019765287009BCD82 /* CellDemoTests-Info.plist */ = {isa = PBXFileReference; lastKnownFileType = text.plist.xml; path = "CellDemoTests-Info.plist"; sourceTree = "<group>"; };
		2C2A15D219765287009BCD82 /* en */ = {isa = PBXFileReference; lastKnownFileType = text.plist.strings; name = en; path = en.lproj/InfoPlist.strings; sourceTree = "<group>"; };
		2C2A15D419765287009BCD82 /* CellDemoTests.m */ = {isa = PBXFileReference; lastKnownFileType = sourcecode.c.objc; path = CellDemoTests.m; sourceTree = "<group>"; };
		2C2A15DE197652A2009BCD82 /* PFTestTableViewController.h */ = {isa = PBXFileReference; fileEncoding = 4; lastKnownFileType = sourcecode.c.h; path = PFTestTableViewController.h; sourceTree = "<group>"; };
		2C2A15DF197652A2009BCD82 /* PFTestTableViewController.m */ = {isa = PBXFileReference; fileEncoding = 4; lastKnownFileType = sourcecode.c.objc; path = PFTestTableViewController.m; sourceTree = "<group>"; };
		2C2A15E1197652E0009BCD82 /* PFTestTableViewCell.h */ = {isa = PBXFileReference; fileEncoding = 4; lastKnownFileType = sourcecode.c.h; path = PFTestTableViewCell.h; sourceTree = "<group>"; };
		2C2A15E2197652E0009BCD82 /* PFTestTableViewCell.m */ = {isa = PBXFileReference; fileEncoding = 4; lastKnownFileType = sourcecode.c.objc; path = PFTestTableViewCell.m; sourceTree = "<group>"; };
		2C2A15E419765424009BCD82 /* 1.png */ = {isa = PBXFileReference; lastKnownFileType = image.png; path = 1.png; sourceTree = "<group>"; };
		2C2A15E519765424009BCD82 /* 2.png */ = {isa = PBXFileReference; lastKnownFileType = image.png; path = 2.png; sourceTree = "<group>"; };
/* End PBXFileReference section */

/* Begin PBXFrameworksBuildPhase section */
		2C2A15A919765287009BCD82 /* Frameworks */ = {
			isa = PBXFrameworksBuildPhase;
			buildActionMask = 2147483647;
			files = (
				2C2A15B219765287009BCD82 /* CoreGraphics.framework in Frameworks */,
				2C2A15B419765287009BCD82 /* UIKit.framework in Frameworks */,
				2C2A15B019765287009BCD82 /* Foundation.framework in Frameworks */,
			);
			runOnlyForDeploymentPostprocessing = 0;
		};
		2C2A15C419765287009BCD82 /* Frameworks */ = {
			isa = PBXFrameworksBuildPhase;
			buildActionMask = 2147483647;
			files = (
				2C2A15C919765287009BCD82 /* XCTest.framework in Frameworks */,
				2C2A15CB19765287009BCD82 /* UIKit.framework in Frameworks */,
				2C2A15CA19765287009BCD82 /* Foundation.framework in Frameworks */,
			);
			runOnlyForDeploymentPostprocessing = 0;
		};
/* End PBXFrameworksBuildPhase section */

/* Begin PBXGroup section */
		2C2A15A319765287009BCD82 = {
			isa = PBXGroup;
			children = (
				2C2A15B519765287009BCD82 /* CellDemo */,
				2C2A15CE19765287009BCD82 /* CellDemoTests */,
				2C2A15AE19765287009BCD82 /* Frameworks */,
				2C2A15AD19765287009BCD82 /* Products */,
			);
			sourceTree = "<group>";
		};
		2C2A15AD19765287009BCD82 /* Products */ = {
			isa = PBXGroup;
			children = (
				2C2A15AC19765287009BCD82 /* CellDemo.app */,
				2C2A15C719765287009BCD82 /* CellDemoTests.xctest */,
			);
			name = Products;
			sourceTree = "<group>";
		};
		2C2A15AE19765287009BCD82 /* Frameworks */ = {
			isa = PBXGroup;
			children = (
				2C2A15AF19765287009BCD82 /* Foundation.framework */,
				2C2A15B119765287009BCD82 /* CoreGraphics.framework */,
				2C2A15B319765287009BCD82 /* UIKit.framework */,
				2C2A15C819765287009BCD82 /* XCTest.framework */,
			);
			name = Frameworks;
			sourceTree = "<group>";
		};
		2C2A15B519765287009BCD82 /* CellDemo */ = {
			isa = PBXGroup;
			children = (
				2C2A15E419765424009BCD82 /* 1.png */,
				2C2A15E519765424009BCD82 /* 2.png */,
				2C2A15BE19765287009BCD82 /* PFAppDelegate.h */,
				2C2A15BF19765287009BCD82 /* PFAppDelegate.m */,
				2C2A15C119765287009BCD82 /* Images.xcassets */,
				2C2A15B619765287009BCD82 /* Supporting Files */,
				2C2A15DE197652A2009BCD82 /* PFTestTableViewController.h */,
				2C2A15DF197652A2009BCD82 /* PFTestTableViewController.m */,
				2C2A15E1197652E0009BCD82 /* PFTestTableViewCell.h */,
				2C2A15E2197652E0009BCD82 /* PFTestTableViewCell.m */,
			);
			path = CellDemo;
			sourceTree = "<group>";
		};
		2C2A15B619765287009BCD82 /* Supporting Files */ = {
			isa = PBXGroup;
			children = (
				2C2A15B719765287009BCD82 /* CellDemo-Info.plist */,
				2C2A15B819765287009BCD82 /* InfoPlist.strings */,
				2C2A15BB19765287009BCD82 /* main.m */,
				2C2A15BD19765287009BCD82 /* CellDemo-Prefix.pch */,
			);
			name = "Supporting Files";
			sourceTree = "<group>";
		};
		2C2A15CE19765287009BCD82 /* CellDemoTests */ = {
			isa = PBXGroup;
			children = (
				2C2A15D419765287009BCD82 /* CellDemoTests.m */,
				2C2A15CF19765287009BCD82 /* Supporting Files */,
			);
			path = CellDemoTests;
			sourceTree = "<group>";
		};
		2C2A15CF19765287009BCD82 /* Supporting Files */ = {
			isa = PBXGroup;
			children = (
				2C2A15D019765287009BCD82 /* CellDemoTests-Info.plist */,
				2C2A15D119765287009BCD82 /* InfoPlist.strings */,
			);
			name = "Supporting Files";
			sourceTree = "<group>";
		};
/* End PBXGroup section */

/* Begin PBXNativeTarget section */
		2C2A15AB19765287009BCD82 /* CellDemo */ = {
			isa = PBXNativeTarget;
			buildConfigurationList = 2C2A15D819765287009BCD82 /* Build configuration list for PBXNativeTarget "CellDemo" */;
			buildPhases = (
				2C2A15A819765287009BCD82 /* Sources */,
				2C2A15A919765287009BCD82 /* Frameworks */,
				2C2A15AA19765287009BCD82 /* Resources */,
			);
			buildRules = (
			);
			dependencies = (
			);
			name = CellDemo;
			productName = CellDemo;
			productReference = 2C2A15AC19765287009BCD82 /* CellDemo.app */;
			productType = "com.apple.product-type.application";
		};
		2C2A15C619765287009BCD82 /* CellDemoTests */ = {
			isa = PBXNativeTarget;
			buildConfigurationList = 2C2A15DB19765287009BCD82 /* Build configuration list for PBXNativeTarget "CellDemoTests" */;
			buildPhases = (
				2C2A15C319765287009BCD82 /* Sources */,
				2C2A15C419765287009BCD82 /* Frameworks */,
				2C2A15C519765287009BCD82 /* Resources */,
			);
			buildRules = (
			);
			dependencies = (
				2C2A15CD19765287009BCD82 /* PBXTargetDependency */,
			);
			name = CellDemoTests;
			productName = CellDemoTests;
			productReference = 2C2A15C719765287009BCD82 /* CellDemoTests.xctest */;
			productType = "com.apple.product-type.bundle.unit-test";
		};
/* End PBXNativeTarget section */

/* Begin PBXProject section */
		2C2A15A419765287009BCD82 /* Project object */ = {
			isa = PBXProject;
			attributes = {
				CLASSPREFIX = PF;
				LastUpgradeCheck = 0510;
				ORGANIZATIONNAME = Sylar;
				TargetAttributes = {
					2C2A15C619765287009BCD82 = {
						TestTargetID = 2C2A15AB19765287009BCD82;
					};
				};
			};
			buildConfigurationList = 2C2A15A719765287009BCD82 /* Build configuration list for PBXProject "CellDemo" */;
			compatibilityVersion = "Xcode 3.2";
			developmentRegion = English;
			hasScannedForEncodings = 0;
			knownRegions = (
				en,
			);
			mainGroup = 2C2A15A319765287009BCD82;
			productRefGroup = 2C2A15AD19765287009BCD82 /* Products */;
			projectDirPath = "";
			projectRoot = "";
			targets = (
				2C2A15AB19765287009BCD82 /* CellDemo */,
				2C2A15C619765287009BCD82 /* CellDemoTests */,
			);
		};
/* End PBXProject section */

/* Begin PBXResourcesBuildPhase section */
		2C2A15AA19765287009BCD82 /* Resources */ = {
			isa = PBXResourcesBuildPhase;
			buildActionMask = 2147483647;
			files = (
				2C2A15E619765424009BCD82 /* 1.png in Resources */,
				2C2A15BA19765287009BCD82 /* InfoPlist.strings in Resources */,
				2C2A15E719765424009BCD82 /* 2.png in Resources */,
				2C2A15C219765287009BCD82 /* Images.xcassets in Resources */,
			);
			runOnlyForDeploymentPostprocessing = 0;
		};
		2C2A15C519765287009BCD82 /* Resources */ = {
			isa = PBXResourcesBuildPhase;
			buildActionMask = 2147483647;
			files = (
				2C2A15D319765287009BCD82 /* InfoPlist.strings in Resources */,
			);
			runOnlyForDeploymentPostprocessing = 0;
		};
/* End PBXResourcesBuildPhase section */

/* Begin PBXSourcesBuildPhase section */
		2C2A15A819765287009BCD82 /* Sources */ = {
			isa = PBXSourcesBuildPhase;
			buildActionMask = 2147483647;
			files = (
				2C2A15C019765287009BCD82 /* PFAppDelegate.m in Sources */,
				2C2A15E3197652E0009BCD82 /* PFTestTableViewCell.m in Sources */,
				2C2A15BC19765287009BCD82 /* main.m in Sources */,
				2C2A15E0197652A2009BCD82 /* PFTestTableViewController.m in Sources */,
			);
			runOnlyForDeploymentPostprocessing = 0;
		};
		2C2A15C319765287009BCD82 /* Sources */ = {
			isa = PBXSourcesBuildPhase;
			buildActionMask = 2147483647;
			files = (
				2C2A15D519765287009BCD82 /* CellDemoTests.m in Sources */,
			);
			runOnlyForDeploymentPostprocessing = 0;
		};
/* End PBXSourcesBuildPhase section */

/* Begin PBXTargetDependency section */
		2C2A15CD19765287009BCD82 /* PBXTargetDependency */ = {
			isa = PBXTargetDependency;
			target = 2C2A15AB19765287009BCD82 /* CellDemo */;
			targetProxy = 2C2A15CC19765287009BCD82 /* PBXContainerItemProxy */;
		};
/* End PBXTargetDependency section */

/* Begin PBXVariantGroup section */
		2C2A15B819765287009BCD82 /* InfoPlist.strings */ = {
			isa = PBXVariantGroup;
			children = (
				2C2A15B919765287009BCD82 /* en */,
			);
			name = InfoPlist.strings;
			sourceTree = "<group>";
		};
		2C2A15D119765287009BCD82 /* InfoPlist.strings */ = {
			isa = PBXVariantGroup;
			children = (
				2C2A15D219765287009BCD82 /* en */,
			);
			name = InfoPlist.strings;
			sourceTree = "<group>";
		};
/* End PBXVariantGroup section */

/* Begin XCBuildConfiguration section */
		2C2A15D619765287009BCD82 /* Debug */ = {
			isa = XCBuildConfiguration;
			buildSettings = {
				ALWAYS_SEARCH_USER_PATHS = NO;
				CLANG_CXX_LANGUAGE_STANDARD = "gnu++0x";
				CLANG_CXX_LIBRARY = "libc++";
				CLANG_ENABLE_MODULES = YES;
				CLANG_ENABLE_OBJC_ARC = YES;
				CLANG_WARN_BOOL_CONVERSION = YES;
				CLANG_WARN_CONSTANT_CONVERSION = YES;
				CLANG_WARN_DIRECT_OBJC_ISA_USAGE = YES_ERROR;
				CLANG_WARN_EMPTY_BODY = YES;
				CLANG_WARN_ENUM_CONVERSION = YES;
				CLANG_WARN_INT_CONVERSION = YES;
				CLANG_WARN_OBJC_ROOT_CLASS = YES_ERROR;
				CLANG_WARN__DUPLICATE_METHOD_MATCH = YES;
				"CODE_SIGN_IDENTITY[sdk=iphoneos*]" = "iPhone Developer";
				COPY_PHASE_STRIP = NO;
				GCC_C_LANGUAGE_STANDARD = gnu99;
				GCC_DYNAMIC_NO_PIC = NO;
				GCC_OPTIMIZATION_LEVEL = 0;
				GCC_PREPROCESSOR_DEFINITIONS = (
					"DEBUG=1",
					"$(inherited)",
				);
				GCC_SYMBOLS_PRIVATE_EXTERN = NO;
				GCC_WARN_64_TO_32_BIT_CONVERSION = YES;
				GCC_WARN_ABOUT_RETURN_TYPE = YES_ERROR;
				GCC_WARN_UNDECLARED_SELECTOR = YES;
				GCC_WARN_UNINITIALIZED_AUTOS = YES_AGGRESSIVE;
				GCC_WARN_UNUSED_FUNCTION = YES;
				GCC_WARN_UNUSED_VARIABLE = YES;
				IPHONEOS_DEPLOYMENT_TARGET = 7.1;
				ONLY_ACTIVE_ARCH = YES;
				SDKROOT = iphoneos;
				TARGETED_DEVICE_FAMILY = "1,2";
			};
			name = Debug;
		};
		2C2A15D719765287009BCD82 /* Release */ = {
			isa = XCBuildConfiguration;
			buildSettings = {
				ALWAYS_SEARCH_USER_PATHS = NO;
				CLANG_CXX_LANGUAGE_STANDARD = "gnu++0x";
				CLANG_CXX_LIBRARY = "libc++";
				CLANG_ENABLE_MODULES = YES;
				CLANG_ENABLE_OBJC_ARC = YES;
				CLANG_WARN_BOOL_CONVERSION = YES;
				CLANG_WARN_CONSTANT_CONVERSION = YES;
				CLANG_WARN_DIRECT_OBJC_ISA_USAGE = YES_ERROR;
				CLANG_WARN_EMPTY_BODY = YES;
				CLANG_WARN_ENUM_CONVERSION = YES;
				CLANG_WARN_INT_CONVERSION = YES;
				CLANG_WARN_OBJC_ROOT_CLASS = YES_ERROR;
				CLANG_WARN__DUPLICATE_METHOD_MATCH = YES;
				"CODE_SIGN_IDENTITY[sdk=iphoneos*]" = "iPhone Developer";
				COPY_PHASE_STRIP = YES;
				ENABLE_NS_ASSERTIONS = NO;
				GCC_C_LANGUAGE_STANDARD = gnu99;
				GCC_WARN_64_TO_32_BIT_CONVERSION = YES;
				GCC_WARN_ABOUT_RETURN_TYPE = YES_ERROR;
				GCC_WARN_UNDECLARED_SELECTOR = YES;
				GCC_WARN_UNINITIALIZED_AUTOS = YES_AGGRESSIVE;
				GCC_WARN_UNUSED_FUNCTION = YES;
				GCC_WARN_UNUSED_VARIABLE = YES;
				IPHONEOS_DEPLOYMENT_TARGET = 7.1;
				SDKROOT = iphoneos;
				TARGETED_DEVICE_FAMILY = "1,2";
				VALIDATE_PRODUCT = YES;
			};
			name = Release;
		};
		2C2A15D919765287009BCD82 /* Debug */ = {
			isa = XCBuildConfiguration;
			buildSettings = {
				ASSETCATALOG_COMPILER_APPICON_NAME = AppIcon;
				ASSETCATALOG_COMPILER_LAUNCHIMAGE_NAME = LaunchImage;
				GCC_PRECOMPILE_PREFIX_HEADER = YES;
				GCC_PREFIX_HEADER = "CellDemo/CellDemo-Prefix.pch";
				INFOPLIST_FILE = "CellDemo/CellDemo-Info.plist";
				PRODUCT_NAME = "$(TARGET_NAME)";
				WRAPPER_EXTENSION = app;
			};
			name = Debug;
		};
		2C2A15DA19765287009BCD82 /* Release */ = {
			isa = XCBuildConfiguration;
			buildSettings = {
				ASSETCATALOG_COMPILER_APPICON_NAME = AppIcon;
				ASSETCATALOG_COMPILER_LAUNCHIMAGE_NAME = LaunchImage;
				GCC_PRECOMPILE_PREFIX_HEADER = YES;
				GCC_PREFIX_HEADER = "CellDemo/CellDemo-Prefix.pch";
				INFOPLIST_FILE = "CellDemo/CellDemo-Info.plist";
				PRODUCT_NAME = "$(TARGET_NAME)";
				WRAPPER_EXTENSION = app;
			};
			name = Release;
		};
		2C2A15DC19765287009BCD82 /* Debug */ = {
			isa = XCBuildConfiguration;
			buildSettings = {
				BUNDLE_LOADER = "$(BUILT_PRODUCTS_DIR)/CellDemo.app/CellDemo";
				FRAMEWORK_SEARCH_PATHS = (
					"$(SDKROOT)/Developer/Library/Frameworks",
					"$(inherited)",
					"$(DEVELOPER_FRAMEWORKS_DIR)",
				);
				GCC_PRECOMPILE_PREFIX_HEADER = YES;
				GCC_PREFIX_HEADER = "CellDemo/CellDemo-Prefix.pch";
				GCC_PREPROCESSOR_DEFINITIONS = (
					"DEBUG=1",
					"$(inherited)",
				);
				INFOPLIST_FILE = "CellDemoTests/CellDemoTests-Info.plist";
				PRODUCT_NAME = "$(TARGET_NAME)";
				TEST_HOST = "$(BUNDLE_LOADER)";
				WRAPPER_EXTENSION = xctest;
			};
			name = Debug;
		};
		2C2A15DD19765287009BCD82 /* Release */ = {
			isa = XCBuildConfiguration;
			buildSettings = {
				BUNDLE_LOADER = "$(BUILT_PRODUCTS_DIR)/CellDemo.app/CellDemo";
				FRAMEWORK_SEARCH_PATHS = (
					"$(SDKROOT)/Developer/Library/Frameworks",
					"$(inherited)",
					"$(DEVELOPER_FRAMEWORKS_DIR)",
				);
				GCC_PRECOMPILE_PREFIX_HEADER = YES;
				GCC_PREFIX_HEADER = "CellDemo/CellDemo-Prefix.pch";
				INFOPLIST_FILE = "CellDemoTests/CellDemoTests-Info.plist";
				PRODUCT_NAME = "$(TARGET_NAME)";
				TEST_HOST = "$(BUNDLE_LOADER)";
				WRAPPER_EXTENSION = xctest;
			};
			name = Release;
		};
/* End XCBuildConfiguration section */

/* Begin XCConfigurationList section */
		2C2A15A719765287009BCD82 /* Build configuration list for PBXProject "CellDemo" */ = {
			isa = XCConfigurationList;
			buildConfigurations = (
				2C2A15D619765287009BCD82 /* Debug */,
				2C2A15D719765287009BCD82 /* Release */,
			);
			defaultConfigurationIsVisible = 0;
			defaultConfigurationName = Release;
		};
		2C2A15D819765287009BCD82 /* Build configuration list for PBXNativeTarget "CellDemo" */ = {
			isa = XCConfigurationList;
			buildConfigurations = (
				2C2A15D919765287009BCD82 /* Debug */,
				2C2A15DA19765287009BCD82 /* Release */,
			);
			defaultConfigurationIsVisible = 0;
		};
		2C2A15DB19765287009BCD82 /* Build configuration list for PBXNativeTarget "CellDemoTests" */ = {
			isa = XCConfigurationList;
			buildConfigurations = (
				2C2A15DC19765287009BCD82 /* Debug */,
				2C2A15DD19765287009BCD82 /* Release */,
			);
			defaultConfigurationIsVisible = 0;
		};
/* End XCConfigurationList section */
	};
	rootObject = 2C2A15A419765287009BCD82 /* Project object */;
}
